{
  "name": "@bitarray/es6",
  "version": "0.1.0",
  "lockfileVersion": 2,
  "requires": true,
  "packages": {
    "": {
      "name": "@bitarray/es6",
      "version": "0.1.0",
      "license": "ISC",
      "devDependencies": {
        "@bitarray/typedarray": "^0.2.0"
      }
    },
    "node_modules/@bitarray/typedarray": {
      "version": "0.2.0",
      "resolved": "https://registry.npmjs.org/@bitarray/typedarray/-/typedarray-0.2.0.tgz",
      "integrity": "sha512-HZqH/lYmWBziXIcnZPg1fVBYgydoaC3TTsPse2jakZqSiCHh1xji7fL6MO65rF4cjsnhWolR0EPxqIDsHgFG5g==",
      "dev": true
    }
  },
  "dependencies": {
    "@bitarray/typedarray": {
      "version": "0.2.0",
      "resolved": "https://registry.npmjs.org/@bitarray/typedarray/-/typedarray-0.2.0.tgz",
      "integrity": "sha512-HZqH/lYmWBziXIcnZPg1fVBYgydoaC3TTsPse2jakZqSiCHh1xji7fL6MO65rF4cjsnhWolR0EPxqIDsHgFG5g==",
      "dev": true
    }
  }
}
